# This file is automatically @generated by Cargo.
# It is not intended for manual editing.
version = 4

[[package]]
name = "archlens-app"
version = "0.1.0"
dependencies = [
 "archlens-build-helper",
 "archlens-core",
 "archlens-dev-helper",
 "archlens-external",
 "archlens-optional",
 "archlens-renamed",
]

[[package]]
name = "archlens-build-helper"
version = "0.1.0"

[[package]]
name = "archlens-core"
version = "0.1.0"

[[package]]
name = "archlens-dev-helper"
version = "0.1.0"

[[package]]
name = "archlens-external"
version = "0.1.0"

[[package]]
name = "archlens-optional"
version = "0.1.0"

[[package]]
name = "archlens-renamed"
version = "0.1.0"
